
Microsoft Visual Studio Solution File, Format Version 12.00
# Visual Studio Version 16
VisualStudioVersion = 16.0.30907.101
MinimumVisualStudioVersion = 10.0.40219.1
Project("{FAE04EC0-301F-11D3-BF4B-00C04F79EFBC}") = "RolDetalle_II", "RolDetalle_II.csproj", "{4C492BB8-5560-4510-ABC3-189F60AB3438}"
EndProject
Global
	GlobalSection(SolutionConfigurationPlatforms) = preSolution
		Debug|Any CPU = Debug|Any CPU
		Release|Any CPU = Release|Any CPU
	EndGlobalSection
	GlobalSection(ProjectConfigurationPlatforms) = postSolution
		{4C492BB8-5560-4510-ABC3-189F60AB3438}.Debug|Any CPU.ActiveCfg = Debug|Any CPU
		{4C492BB8-5560-4510-ABC3-189F60AB3438}.Debug|Any CPU.Build.0 = Debug|Any CPU
		{4C492BB8-5560-4510-ABC3-189F60AB3438}.Release|Any CPU.ActiveCfg = Release|Any CPU
		{4C492BB8-5560-4510-ABC3-189F60AB3438}.Release|Any CPU.Build.0 = Release|Any CPU
	EndGlobalSection
	GlobalSection(SolutionProperties) = preSolution
		HideSolutionNode = FALSE
	EndGlobalSection
	GlobalSection(ExtensibilityGlobals) = postSolution
		SolutionGuid = {BC445A9F-AEDB-44DC-AC18-657223DB0B11}
	EndGlobalSection
EndGlobal
